
Microsoft Visual Studio Solution File, Format Version 12.00
# Visual Studio Version 16
VisualStudioVersion = 16.0.31313.79
MinimumVisualStudioVersion = 10.0.40219.1
Project("{FAE04EC0-301F-11D3-BF4B-00C04F79EFBC}") = "CommandLineParser", "CommandLineParser\CommandLineParser.csproj", "{A05069A5-99C1-48BC-BBC9-F256A2E71963}"
EndProject
Project("{FAE04EC0-301F-11D3-BF4B-00C04F79EFBC}") = "UnitTests", "UnitTests\UnitTests.csproj", "{9FA970CE-5D41-425F-B1D1-C9C338A302C9}"
EndProject
Global
	GlobalSection(SolutionConfigurationPlatforms) = preSolution
		Debug|Any CPU = Debug|Any CPU
		Release|Any CPU = Release|Any CPU
	EndGlobalSection
	GlobalSection(ProjectConfigurationPlatforms) = postSolution
		{A05069A5-99C1-48BC-BBC9-F256A2E71963}.Debug|Any CPU.ActiveCfg = Debug|Any CPU
		{A05069A5-99C1-48BC-BBC9-F256A2E71963}.Debug|Any CPU.Build.0 = Debug|Any CPU
		{A05069A5-99C1-48BC-BBC9-F256A2E71963}.Release|Any CPU.ActiveCfg = Release|Any CPU
		{A05069A5-99C1-48BC-BBC9-F256A2E71963}.Release|Any CPU.Build.0 = Release|Any CPU
		{9FA970CE-5D41-425F-B1D1-C9C338A302C9}.Debug|Any CPU.ActiveCfg = Debug|Any CPU
		{9FA970CE-5D41-425F-B1D1-C9C338A302C9}.Debug|Any CPU.Build.0 = Debug|Any CPU
		{9FA970CE-5D41-425F-B1D1-C9C338A302C9}.Release|Any CPU.ActiveCfg = Release|Any CPU
		{9FA970CE-5D41-425F-B1D1-C9C338A302C9}.Release|Any CPU.Build.0 = Release|Any CPU
	EndGlobalSection
	GlobalSection(SolutionProperties) = preSolution
		HideSolutionNode = FALSE
	EndGlobalSection
	GlobalSection(ExtensibilityGlobals) = postSolution
		SolutionGuid = {C5C98F97-0F7E-44BD-BC53-D5D42DD4907C}
	EndGlobalSection
EndGlobal
